github.com/gammazero/deque v1.0.0 h1:LTmimT8H7bXkkCy6gZX7zNLtkbz4NdS2z8LZuor3j34=
github.com/gammazero/deque v1.0.0/go.mod h1:iflpYvtGfM3U8S8j+sZEKIak3SAKYpA5/SQewgfXDKo=
golang.org/x/sys v0.31.0 h1:ioabZlmFYtWhL+TRYpcnNlLwhyxaM9kWTDEmfnprqik=
golang.org/x/sys v0.31.0/go.mod h1:BJP2sWEmIv4KK5OTEluFJCKSidICx8ciO85XgH3Ak8k=
